PODS:
  - Capacitor (7.6.9):
    - CapacitorCordova
  - CapacitorCordova (7.6.9)
  - CapacitorFilesystem (7.1.8):
    - Capacitor
    - IONFilesystemLib (~> 1.1.1)
  - CapacitorNetwork (7.0.4):
    - Capacitor
  - CapacitorPreferences (7.0.4):
    - Capacitor
  - IONFilesystemLib (1.1.4)

DEPENDENCIES:
  - "Capacitor (from `../../../../node_modules/.pnpm/@capacitor+ios@7.6.9_@capacitor+core@7.6.9/node_modules/@capacitor/ios`)"
  - "CapacitorCordova (from `../../../../node_modules/.pnpm/@capacitor+ios@7.6.9_@capacitor+core@7.6.9/node_modules/@capacitor/ios`)"
  - "CapacitorFilesystem (from `../../../../node_modules/.pnpm/@capacitor+filesystem@7.1.8_@capacitor+core@7.6.9/node_modules/@capacitor/filesystem`)"
  - "CapacitorNetwork (from `../../../../node_modules/.pnpm/@capacitor+network@7.0.4_@capacitor+core@7.6.9/node_modules/@capacitor/network`)"
  - "CapacitorPreferences (from `../../../../node_modules/.pnpm/@capacitor+preferences@7.0.4_@capacitor+core@7.6.9/node_modules/@capacitor/preferences`)"

SPEC REPOS:
  trunk:
    - IONFilesystemLib

EXTERNAL SOURCES:
  Capacitor:
    :path: "../../../../node_modules/.pnpm/@capacitor+ios@7.6.9_@capacitor+core@7.6.9/node_modules/@capacitor/ios"
  CapacitorCordova:
    :path: "../../../../node_modules/.pnpm/@capacitor+ios@7.6.9_@capacitor+core@7.6.9/node_modules/@capacitor/ios"
  CapacitorFilesystem:
    :path: "../../../../node_modules/.pnpm/@capacitor+filesystem@7.1.8_@capacitor+core@7.6.9/node_modules/@capacitor/filesystem"
  CapacitorNetwork:
    :path: "../../../../node_modules/.pnpm/@capacitor+network@7.0.4_@capacitor+core@7.6.9/node_modules/@capacitor/network"
  CapacitorPreferences:
    :path: "../../../../node_modules/.pnpm/@capacitor+preferences@7.0.4_@capacitor+core@7.6.9/node_modules/@capacitor/preferences"

SPEC CHECKSUMS:
  Capacitor: 46067d1c8df89760dbed78780d436327d588c726
  CapacitorCordova: 2080fc0d6bfbc9dcc0e6d88e77fa624190d343ca
  CapacitorFilesystem: c63fc54df41e5a6761785a7f3c49dc696c22e296
  CapacitorNetwork: b719d692a8d1310da8d26d6648d3aa1ef1e100e1
  CapacitorPreferences: 69d9991307507aeab8ef8019c10b9babfda0e9ca
  IONFilesystemLib: e6610c2b260d15e4b9cb9d5e37a87095479b669e

PODFILE CHECKSUM: 116c3c7a058087d1da627c7e2f19071381391ce2

COCOAPODS: 1.17.0
